<Solution>
  <Folder Name="/Core/">
    <Project Path="Core/RentACarApp.Domain/RentACarApp.Domain.csproj" />
  </Folder>
  <Folder Name="/Infrastructure/">
    <Project Path="Infrastructure/RentACarApp.Persistence/RentACarApp.Persistence.csproj" Id="4305487c-bde0-4e86-9a04-3983bcc40031" />
  </Folder>
</Solution>
